
Microsoft Visual Studio Solution File, Format Version 12.00
# Visual Studio Version 16
VisualStudioVersion = 16.0.30611.23
MinimumVisualStudioVersion = 10.0.40219.1
Project("{FAE04EC0-301F-11D3-BF4B-00C04F79EFBC}") = "Northwind.Entities", "Northwind.Entities\Northwind.Entities.csproj", "{3DC1EB84-949D-40AD-A204-592DB12E8713}"
EndProject
Project("{FAE04EC0-301F-11D3-BF4B-00C04F79EFBC}") = "Northwind.DataAccess", "Northwind.DataAccess\Northwind.DataAccess.csproj", "{39B763E8-C015-47E8-B027-AF5077E2CD97}"
EndProject
Project("{FAE04EC0-301F-11D3-BF4B-00C04F79EFBC}") = "Northwind.Business", "Northwind.Business\Northwind.Business.csproj", "{826C05FE-5836-47ED-9EAB-E3DC5EF39170}"
EndProject
Project("{FAE04EC0-301F-11D3-BF4B-00C04F79EFBC}") = "Northwind.WebFormsUI", "Northwind.WebFormsUI\Northwind.WebFormsUI.csproj", "{3134B2C1-B581-49BF-89A5-D5386A551EEC}"
EndProject
Global
	GlobalSection(SolutionConfigurationPlatforms) = preSolution
		Debug|Any CPU = Debug|Any CPU
		Release|Any CPU = Release|Any CPU
	EndGlobalSection
	GlobalSection(ProjectConfigurationPlatforms) = postSolution
		{3DC1EB84-949D-40AD-A204-592DB12E8713}.Debug|Any CPU.ActiveCfg = Debug|Any CPU
		{3DC1EB84-949D-40AD-A204-592DB12E8713}.Debug|Any CPU.Build.0 = Debug|Any CPU
		{3DC1EB84-949D-40AD-A204-592DB12E8713}.Release|Any CPU.ActiveCfg = Release|Any CPU
		{3DC1EB84-949D-40AD-A204-592DB12E8713}.Release|Any CPU.Build.0 = Release|Any CPU
		{39B763E8-C015-47E8-B027-AF5077E2CD97}.Debug|Any CPU.ActiveCfg = Debug|Any CPU
		{39B763E8-C015-47E8-B027-AF5077E2CD97}.Debug|Any CPU.Build.0 = Debug|Any CPU
		{39B763E8-C015-47E8-B027-AF5077E2CD97}.Release|Any CPU.ActiveCfg = Release|Any CPU
		{39B763E8-C015-47E8-B027-AF5077E2CD97}.Release|Any CPU.Build.0 = Release|Any CPU
		{826C05FE-5836-47ED-9EAB-E3DC5EF39170}.Debug|Any CPU.ActiveCfg = Debug|Any CPU
		{826C05FE-5836-47ED-9EAB-E3DC5EF39170}.Debug|Any CPU.Build.0 = Debug|Any CPU
		{826C05FE-5836-47ED-9EAB-E3DC5EF39170}.Release|Any CPU.ActiveCfg = Release|Any CPU
		{826C05FE-5836-47ED-9EAB-E3DC5EF39170}.Release|Any CPU.Build.0 = Release|Any CPU
		{3134B2C1-B581-49BF-89A5-D5386A551EEC}.Debug|Any CPU.ActiveCfg = Debug|Any CPU
		{3134B2C1-B581-49BF-89A5-D5386A551EEC}.Debug|Any CPU.Build.0 = Debug|Any CPU
		{3134B2C1-B581-49BF-89A5-D5386A551EEC}.Release|Any CPU.ActiveCfg = Release|Any CPU
		{3134B2C1-B581-49BF-89A5-D5386A551EEC}.Release|Any CPU.Build.0 = Release|Any CPU
	EndGlobalSection
	GlobalSection(SolutionProperties) = preSolution
		HideSolutionNode = FALSE
	EndGlobalSection
	GlobalSection(ExtensibilityGlobals) = postSolution
		SolutionGuid = {0B730B3B-EABF-4D5E-BEDA-502553E0333A}
	EndGlobalSection
EndGlobal
